// !$*UTF8*$!
{
	archiveVersion = 1;
	classes = {
	};
	objectVersion = 55;
	objects = {

/* Begin PBXBuildFile section */
		B536341427ECC28F00805B6D /* GalleryTableViewCell.swift in Sources */ = {isa = PBXBuildFile; fileRef = B536341227ECC28F00805B6D /* GalleryTableViewCell.swift */; };
		B536341527ECC28F00805B6D /* GalleryTableViewCell.xib in Resources */ = {isa = PBXBuildFile; fileRef = B536341327ECC28F00805B6D /* GalleryTableViewCell.xib */; };
		B58FE3CE27ECCF14000CDFE8 /* GalleryViewModel.swift in Sources */ = {isa = PBXBuildFile; fileRef = B58FE3CD27ECCF14000CDFE8 /* GalleryViewModel.swift */; };
		B58FE3D027ECCF41000CDFE8 /* PostModel.swift in Sources */ = {isa = PBXBuildFile; fileRef = B58FE3CF27ECCF41000CDFE8 /* PostModel.swift */; };
		B58FE3D227ECD05B000CDFE8 /* ImageRepository.swift in Sources */ = {isa = PBXBuildFile; fileRef = B58FE3D127ECD05B000CDFE8 /* ImageRepository.swift */; };
		B58FE3D627ECDA47000CDFE8 /* FakeDataGeneratio.swift in Sources */ = {isa = PBXBuildFile; fileRef = B58FE3D527ECDA47000CDFE8 /* FakeDataGeneratio.swift */; };
		B58FE3D827ECDBAA000CDFE8 /* jsonTest.json in Resources */ = {isa = PBXBuildFile; fileRef = B58FE3D727ECDBAA000CDFE8 /* jsonTest.json */; };
		B5AE63CD27EC80AE00DE296A /* AuthenticationViewController.swift in Sources */ = {isa = PBXBuildFile; fileRef = B5AE63CC27EC80AE00DE296A /* AuthenticationViewController.swift */; };
		B5AE63CF27EC822300DE296A /* AuthenticationViewModel.swift in Sources */ = {isa = PBXBuildFile; fileRef = B5AE63CE27EC822300DE296A /* AuthenticationViewModel.swift */; };
		B5AE63D127EC8C4F00DE296A /* GalleryViewController.swift in Sources */ = {isa = PBXBuildFile; fileRef = B5AE63D027EC8C4F00DE296A /* GalleryViewController.swift */; };
		B5AE63D327EC97BE00DE296A /* TokenModel.swift in Sources */ = {isa = PBXBuildFile; fileRef = B5AE63D227EC97BE00DE296A /* TokenModel.swift */; };
		B5AE63D727EC998C00DE296A /* AuthRepository.swift in Sources */ = {isa = PBXBuildFile; fileRef = B5AE63D627EC998C00DE296A /* AuthRepository.swift */; };
		B5AE63D927ECAE5900DE296A /* Constant.swift in Sources */ = {isa = PBXBuildFile; fileRef = B5AE63D827ECAE5900DE296A /* Constant.swift */; };
		B5BEF62F27ECC97200FC549A /* UIColor+Extension.swift in Sources */ = {isa = PBXBuildFile; fileRef = B5BEF62E27ECC97200FC549A /* UIColor+Extension.swift */; };
		B5BEF63127ECCB0200FC549A /* UIImageView.swift in Sources */ = {isa = PBXBuildFile; fileRef = B5BEF63027ECCB0200FC549A /* UIImageView.swift */; };
		B5C75FA227EB46CD00955277 /* AppDelegate.swift in Sources */ = {isa = PBXBuildFile; fileRef = B5C75FA127EB46CD00955277 /* AppDelegate.swift */; };
		B5C75FA427EB46CD00955277 /* SceneDelegate.swift in Sources */ = {isa = PBXBuildFile; fileRef = B5C75FA327EB46CD00955277 /* SceneDelegate.swift */; };
		B5C75FA627EB46CD00955277 /* HomeViewController.swift in Sources */ = {isa = PBXBuildFile; fileRef = B5C75FA527EB46CD00955277 /* HomeViewController.swift */; };
		B5C75FA927EB46CD00955277 /* Main.storyboard in Resources */ = {isa = PBXBuildFile; fileRef = B5C75FA727EB46CD00955277 /* Main.storyboard */; };
		B5C75FAC27EB46CD00955277 /* za_feed_excercise.xcdatamodeld in Sources */ = {isa = PBXBuildFile; fileRef = B5C75FAA27EB46CD00955277 /* za_feed_excercise.xcdatamodeld */; };
		B5C75FAE27EB46CE00955277 /* Assets.xcassets in Resources */ = {isa = PBXBuildFile; fileRef = B5C75FAD27EB46CE00955277 /* Assets.xcassets */; };
		B5C75FB127EB46CE00955277 /* LaunchScreen.storyboard in Resources */ = {isa = PBXBuildFile; fileRef = B5C75FAF27EB46CE00955277 /* LaunchScreen.storyboard */; };
/* End PBXBuildFile section */

/* Begin PBXFileReference section */
		B536341227ECC28F00805B6D /* GalleryTableViewCell.swift */ = {isa = PBXFileReference; lastKnownFileType = sourcecode.swift; path = GalleryTableViewCell.swift; sourceTree = "<group>"; };
		B536341327ECC28F00805B6D /* GalleryTableViewCell.xib */ = {isa = PBXFileReference; lastKnownFileType = file.xib; path = GalleryTableViewCell.xib; sourceTree = "<group>"; };
		B58FE3CD27ECCF14000CDFE8 /* GalleryViewModel.swift */ = {isa = PBXFileReference; lastKnownFileType = sourcecode.swift; path = GalleryViewModel.swift; sourceTree = "<group>"; };
		B58FE3CF27ECCF41000CDFE8 /* PostModel.swift */ = {isa = PBXFileReference; lastKnownFileType = sourcecode.swift; path = PostModel.swift; sourceTree = "<group>"; };
		B58FE3D127ECD05B000CDFE8 /* ImageRepository.swift */ = {isa = PBXFileReference; lastKnownFileType = sourcecode.swift; path = ImageRepository.swift; sourceTree = "<group>"; };
		B58FE3D527ECDA47000CDFE8 /* FakeDataGeneratio.swift */ = {isa = PBXFileReference; lastKnownFileType = sourcecode.swift; path = FakeDataGeneratio.swift; sourceTree = "<group>"; };
		B58FE3D727ECDBAA000CDFE8 /* jsonTest.json */ = {isa = PBXFileReference; fileEncoding = 4; lastKnownFileType = text.json; path = jsonTest.json; sourceTree = "<group>"; };
		B5AE63CC27EC80AE00DE296A /* AuthenticationViewController.swift */ = {isa = PBXFileReference; lastKnownFileType = sourcecode.swift; path = AuthenticationViewController.swift; sourceTree = "<group>"; };
		B5AE63CE27EC822300DE296A /* AuthenticationViewModel.swift */ = {isa = PBXFileReference; lastKnownFileType = sourcecode.swift; path = AuthenticationViewModel.swift; sourceTree = "<group>"; };
		B5AE63D027EC8C4F00DE296A /* GalleryViewController.swift */ = {isa = PBXFileReference; lastKnownFileType = sourcecode.swift; path = GalleryViewController.swift; sourceTree = "<group>"; };
		B5AE63D227EC97BE00DE296A /* TokenModel.swift */ = {isa = PBXFileReference; lastKnownFileType = sourcecode.swift; path = TokenModel.swift; sourceTree = "<group>"; };
		B5AE63D627EC998C00DE296A /* AuthRepository.swift */ = {isa = PBXFileReference; lastKnownFileType = sourcecode.swift; path = AuthRepository.swift; sourceTree = "<group>"; };
		B5AE63D827ECAE5900DE296A /* Constant.swift */ = {isa = PBXFileReference; lastKnownFileType = sourcecode.swift; path = Constant.swift; sourceTree = "<group>"; };
		B5BEF62E27ECC97200FC549A /* UIColor+Extension.swift */ = {isa = PBXFileReference; lastKnownFileType = sourcecode.swift; path = "UIColor+Extension.swift"; sourceTree = "<group>"; };
		B5BEF63027ECCB0200FC549A /* UIImageView.swift */ = {isa = PBXFileReference; lastKnownFileType = sourcecode.swift; path = UIImageView.swift; sourceTree = "<group>"; };
		B5C75F9E27EB46CD00955277 /* za-feed-excercise.app */ = {isa = PBXFileReference; explicitFileType = wrapper.application; includeInIndex = 0; path = "za-feed-excercise.app"; sourceTree = BUILT_PRODUCTS_DIR; };
		B5C75FA127EB46CD00955277 /* AppDelegate.swift */ = {isa = PBXFileReference; lastKnownFileType = sourcecode.swift; path = AppDelegate.swift; sourceTree = "<group>"; };
		B5C75FA327EB46CD00955277 /* SceneDelegate.swift */ = {isa = PBXFileReference; lastKnownFileType = sourcecode.swift; path = SceneDelegate.swift; sourceTree = "<group>"; };
		B5C75FA527EB46CD00955277 /* HomeViewController.swift */ = {isa = PBXFileReference; lastKnownFileType = sourcecode.swift; path = HomeViewController.swift; sourceTree = "<group>"; };
		B5C75FA827EB46CD00955277 /* Base */ = {isa = PBXFileReference; lastKnownFileType = file.storyboard; name = Base; path = Base.lproj/Main.storyboard; sourceTree = "<group>"; };
		B5C75FAB27EB46CD00955277 /* za_feed_excercise.xcdatamodel */ = {isa = PBXFileReference; lastKnownFileType = wrapper.xcdatamodel; path = za_feed_excercise.xcdatamodel; sourceTree = "<group>"; };
		B5C75FAD27EB46CE00955277 /* Assets.xcassets */ = {isa = PBXFileReference; lastKnownFileType = folder.assetcatalog; path = Assets.xcassets; sourceTree = "<group>"; };
		B5C75FB027EB46CE00955277 /* Base */ = {isa = PBXFileReference; lastKnownFileType = file.storyboard; name = Base; path = Base.lproj/LaunchScreen.storyboard; sourceTree = "<group>"; };
		B5C75FB227EB46CE00955277 /* Info.plist */ = {isa = PBXFileReference; lastKnownFileType = text.plist.xml; path = Info.plist; sourceTree = "<group>"; };
/* End PBXFileReference section */

/* Begin PBXFrameworksBuildPhase section */
		B5C75F9B27EB46CD00955277 /* Frameworks */ = {
			isa = PBXFrameworksBuildPhase;
			buildActionMask = 2147483647;
			files = (
			);
			runOnlyForDeploymentPostprocessing = 0;
		};
/* End PBXFrameworksBuildPhase section */

/* Begin PBXGroup section */
		B5AE63C727EC807500DE296A /* View */ = {
			isa = PBXGroup;
			children = (
				B5AE63CA27EC808F00DE296A /* ViewController */,
				B536341227ECC28F00805B6D /* GalleryTableViewCell.swift */,
				B536341327ECC28F00805B6D /* GalleryTableViewCell.xib */,
			);
			path = View;
			sourceTree = "<group>";
		};
		B5AE63C827EC807E00DE296A /* ViewModel */ = {
			isa = PBXGroup;
			children = (
				B5AE63CE27EC822300DE296A /* AuthenticationViewModel.swift */,
				B58FE3CD27ECCF14000CDFE8 /* GalleryViewModel.swift */,
			);
			path = ViewModel;
			sourceTree = "<group>";
		};
		B5AE63C927EC808400DE296A /* Model */ = {
			isa = PBXGroup;
			children = (
				B5AE63D227EC97BE00DE296A /* TokenModel.swift */,
				B58FE3CF27ECCF41000CDFE8 /* PostModel.swift */,
			);
			path = Model;
			sourceTree = "<group>";
		};
		B5AE63CA27EC808F00DE296A /* ViewController */ = {
			isa = PBXGroup;
			children = (
				B5C75FA527EB46CD00955277 /* HomeViewController.swift */,
				B5AE63CC27EC80AE00DE296A /* AuthenticationViewController.swift */,
				B5AE63D027EC8C4F00DE296A /* GalleryViewController.swift */,
			);
			path = ViewController;
			sourceTree = "<group>";
		};
		B5AE63D427EC995400DE296A /* App */ = {
			isa = PBXGroup;
			children = (
				B58FE3D727ECDBAA000CDFE8 /* jsonTest.json */,
				B5BEF62D27ECC95F00FC549A /* Extension */,
				B5AE63D527EC995B00DE296A /* Repository */,
				B5AE63D827ECAE5900DE296A /* Constant.swift */,
				B58FE3D527ECDA47000CDFE8 /* FakeDataGeneratio.swift */,
			);
			path = App;
			sourceTree = "<group>";
		};
		B5AE63D527EC995B00DE296A /* Repository */ = {
			isa = PBXGroup;
			children = (
				B5AE63D627EC998C00DE296A /* AuthRepository.swift */,
				B58FE3D127ECD05B000CDFE8 /* ImageRepository.swift */,
			);
			path = Repository;
			sourceTree = "<group>";
		};
		B5BEF62D27ECC95F00FC549A /* Extension */ = {
			isa = PBXGroup;
			children = (
				B5BEF62E27ECC97200FC549A /* UIColor+Extension.swift */,
				B5BEF63027ECCB0200FC549A /* UIImageView.swift */,
			);
			path = Extension;
			sourceTree = "<group>";
		};
		B5C75F9527EB46CD00955277 = {
			isa = PBXGroup;
			children = (
				B5C75FA027EB46CD00955277 /* za-feed-excercise */,
				B5C75F9F27EB46CD00955277 /* Products */,
			);
			sourceTree = "<group>";
		};
		B5C75F9F27EB46CD00955277 /* Products */ = {
			isa = PBXGroup;
			children = (
				B5C75F9E27EB46CD00955277 /* za-feed-excercise.app */,
			);
			name = Products;
			sourceTree = "<group>";
		};
		B5C75FA027EB46CD00955277 /* za-feed-excercise */ = {
			isa = PBXGroup;
			children = (
				B5AE63D427EC995400DE296A /* App */,
				B5AE63C927EC808400DE296A /* Model */,
				B5AE63C827EC807E00DE296A /* ViewModel */,
				B5AE63C727EC807500DE296A /* View */,
				B5C75FA127EB46CD00955277 /* AppDelegate.swift */,
				B5C75FA327EB46CD00955277 /* SceneDelegate.swift */,
				B5C75FA727EB46CD00955277 /* Main.storyboard */,
				B5C75FAD27EB46CE00955277 /* Assets.xcassets */,
				B5C75FAF27EB46CE00955277 /* LaunchScreen.storyboard */,
				B5C75FB227EB46CE00955277 /* Info.plist */,
				B5C75FAA27EB46CD00955277 /* za_feed_excercise.xcdatamodeld */,
			);
			path = "za-feed-excercise";
			sourceTree = "<group>";
		};
/* End PBXGroup section */

/* Begin PBXNativeTarget section */
		B5C75F9D27EB46CD00955277 /* za-feed-excercise */ = {
			isa = PBXNativeTarget;
			buildConfigurationList = B5C75FB527EB46CE00955277 /* Build configuration list for PBXNativeTarget "za-feed-excercise" */;
			buildPhases = (
				B5C75F9A27EB46CD00955277 /* Sources */,
				B5C75F9B27EB46CD00955277 /* Frameworks */,
				B5C75F9C27EB46CD00955277 /* Resources */,
			);
			buildRules = (
			);
			dependencies = (
			);
			name = "za-feed-excercise";
			productName = "za-feed-excercise";
			productReference = B5C75F9E27EB46CD00955277 /* za-feed-excercise.app */;
			productType = "com.apple.product-type.application";
		};
/* End PBXNativeTarget section */

/* Begin PBXProject section */
		B5C75F9627EB46CD00955277 /* Project object */ = {
			isa = PBXProject;
			attributes = {
				BuildIndependentTargetsInParallel = 1;
				LastSwiftUpdateCheck = 1300;
				LastUpgradeCheck = 1300;
				TargetAttributes = {
					B5C75F9D27EB46CD00955277 = {
						CreatedOnToolsVersion = 13.0;
					};
				};
			};
			buildConfigurationList = B5C75F9927EB46CD00955277 /* Build configuration list for PBXProject "za-feed-excercise" */;
			compatibilityVersion = "Xcode 13.0";
			developmentRegion = en;
			hasScannedForEncodings = 0;
			knownRegions = (
				en,
				Base,
			);
			mainGroup = B5C75F9527EB46CD00955277;
			productRefGroup = B5C75F9F27EB46CD00955277 /* Products */;
			projectDirPath = "";
			projectRoot = "";
			targets = (
				B5C75F9D27EB46CD00955277 /* za-feed-excercise */,
			);
		};
/* End PBXProject section */

/* Begin PBXResourcesBuildPhase section */
		B5C75F9C27EB46CD00955277 /* Resources */ = {
			isa = PBXResourcesBuildPhase;
			buildActionMask = 2147483647;
			files = (
				B58FE3D827ECDBAA000CDFE8 /* jsonTest.json in Resources */,
				B536341527ECC28F00805B6D /* GalleryTableViewCell.xib in Resources */,
				B5C75FB127EB46CE00955277 /* LaunchScreen.storyboard in Resources */,
				B5C75FAE27EB46CE00955277 /* Assets.xcassets in Resources */,
				B5C75FA927EB46CD00955277 /* Main.storyboard in Resources */,
			);
			runOnlyForDeploymentPostprocessing = 0;
		};
/* End PBXResourcesBuildPhase section */

/* Begin PBXSourcesBuildPhase section */
		B5C75F9A27EB46CD00955277 /* Sources */ = {
			isa = PBXSourcesBuildPhase;
			buildActionMask = 2147483647;
			files = (
				B5AE63CF27EC822300DE296A /* AuthenticationViewModel.swift in Sources */,
				B58FE3D027ECCF41000CDFE8 /* PostModel.swift in Sources */,
				B58FE3CE27ECCF14000CDFE8 /* GalleryViewModel.swift in Sources */,
				B58FE3D227ECD05B000CDFE8 /* ImageRepository.swift in Sources */,
				B5AE63D127EC8C4F00DE296A /* GalleryViewController.swift in Sources */,
				B5C75FA627EB46CD00955277 /* HomeViewController.swift in Sources */,
				B5BEF63127ECCB0200FC549A /* UIImageView.swift in Sources */,
				B5BEF62F27ECC97200FC549A /* UIColor+Extension.swift in Sources */,
				B5C75FA227EB46CD00955277 /* AppDelegate.swift in Sources */,
				B5AE63CD27EC80AE00DE296A /* AuthenticationViewController.swift in Sources */,
				B5C75FAC27EB46CD00955277 /* za_feed_excercise.xcdatamodeld in Sources */,
				B5C75FA427EB46CD00955277 /* SceneDelegate.swift in Sources */,
				B58FE3D627ECDA47000CDFE8 /* FakeDataGeneratio.swift in Sources */,
				B5AE63D927ECAE5900DE296A /* Constant.swift in Sources */,
				B536341427ECC28F00805B6D /* GalleryTableViewCell.swift in Sources */,
				B5AE63D327EC97BE00DE296A /* TokenModel.swift in Sources */,
				B5AE63D727EC998C00DE296A /* AuthRepository.swift in Sources */,
			);
			runOnlyForDeploymentPostprocessing = 0;
		};
/* End PBXSourcesBuildPhase section */

/* Begin PBXVariantGroup section */
		B5C75FA727EB46CD00955277 /* Main.storyboard */ = {
			isa = PBXVariantGroup;
			children = (
				B5C75FA827EB46CD00955277 /* Base */,
			);
			name = Main.storyboard;
			sourceTree = "<group>";
		};
		B5C75FAF27EB46CE00955277 /* LaunchScreen.storyboard */ = {
			isa = PBXVariantGroup;
			children = (
				B5C75FB027EB46CE00955277 /* Base */,
			);
			name = LaunchScreen.storyboard;
			sourceTree = "<group>";
		};
/* End PBXVariantGroup section */

/* Begin XCBuildConfiguration section */
		B5C75FB327EB46CE00955277 /* Debug */ = {
			isa = XCBuildConfiguration;
			buildSettings = {
				ALWAYS_SEARCH_USER_PATHS = NO;
				CLANG_ANALYZER_NONNULL = YES;
				CLANG_ANALYZER_NUMBER_OBJECT_CONVERSION = YES_AGGRESSIVE;
				CLANG_CXX_LANGUAGE_STANDARD = "gnu++17";
				CLANG_CXX_LIBRARY = "libc++";
				CLANG_ENABLE_MODULES = YES;
				CLANG_ENABLE_OBJC_ARC = YES;
				CLANG_ENABLE_OBJC_WEAK = YES;
				CLANG_WARN_BLOCK_CAPTURE_AUTORELEASING = YES;
				CLANG_WARN_BOOL_CONVERSION = YES;
				CLANG_WARN_COMMA = YES;
				CLANG_WARN_CONSTANT_CONVERSION = YES;
				CLANG_WARN_DEPRECATED_OBJC_IMPLEMENTATIONS = YES;
				CLANG_WARN_DIRECT_OBJC_ISA_USAGE = YES_ERROR;
				CLANG_WARN_DOCUMENTATION_COMMENTS = YES;
				CLANG_WARN_EMPTY_BODY = YES;
				CLANG_WARN_ENUM_CONVERSION = YES;
				CLANG_WARN_INFINITE_RECURSION = YES;
				CLANG_WARN_INT_CONVERSION = YES;
				CLANG_WARN_NON_LITERAL_NULL_CONVERSION = YES;
				CLANG_WARN_OBJC_IMPLICIT_RETAIN_SELF = YES;
				CLANG_WARN_OBJC_LITERAL_CONVERSION = YES;
				CLANG_WARN_OBJC_ROOT_CLASS = YES_ERROR;
				CLANG_WARN_QUOTED_INCLUDE_IN_FRAMEWORK_HEADER = YES;
				CLANG_WARN_RANGE_LOOP_ANALYSIS = YES;
				CLANG_WARN_STRICT_PROTOTYPES = YES;
				CLANG_WARN_SUSPICIOUS_MOVE = YES;
				CLANG_WARN_UNGUARDED_AVAILABILITY = YES_AGGRESSIVE;
				CLANG_WARN_UNREACHABLE_CODE = YES;
				CLANG_WARN__DUPLICATE_METHOD_MATCH = YES;
				COPY_PHASE_STRIP = NO;
				DEBUG_INFORMATION_FORMAT = dwarf;
				ENABLE_STRICT_OBJC_MSGSEND = YES;
				ENABLE_TESTABILITY = YES;
				GCC_C_LANGUAGE_STANDARD = gnu11;
				GCC_DYNAMIC_NO_PIC = NO;
				GCC_NO_COMMON_BLOCKS = YES;
				GCC_OPTIMIZATION_LEVEL = 0;
				GCC_PREPROCESSOR_DEFINITIONS = (
					"DEBUG=1",
					"$(inherited)",
				);
				GCC_WARN_64_TO_32_BIT_CONVERSION = YES;
				GCC_WARN_ABOUT_RETURN_TYPE = YES_ERROR;
				GCC_WARN_UNDECLARED_SELECTOR = YES;
				GCC_WARN_UNINITIALIZED_AUTOS = YES_AGGRESSIVE;
				GCC_WARN_UNUSED_FUNCTION = YES;
				GCC_WARN_UNUSED_VARIABLE = YES;
				IPHONEOS_DEPLOYMENT_TARGET = 15.0;
				MTL_ENABLE_DEBUG_INFO = INCLUDE_SOURCE;
				MTL_FAST_MATH = YES;
				ONLY_ACTIVE_ARCH = YES;
				SDKROOT = iphoneos;
				SWIFT_ACTIVE_COMPILATION_CONDITIONS = DEBUG;
				SWIFT_OPTIMIZATION_LEVEL = "-Onone";
			};
			name = Debug;
		};
		B5C75FB427EB46CE00955277 /* Release */ = {
			isa = XCBuildConfiguration;
			buildSettings = {
				ALWAYS_SEARCH_USER_PATHS = NO;
				CLANG_ANALYZER_NONNULL = YES;
				CLANG_ANALYZER_NUMBER_OBJECT_CONVERSION = YES_AGGRESSIVE;
				CLANG_CXX_LANGUAGE_STANDARD = "gnu++17";
				CLANG_CXX_LIBRARY = "libc++";
				CLANG_ENABLE_MODULES = YES;
				CLANG_ENABLE_OBJC_ARC = YES;
				CLANG_ENABLE_OBJC_WEAK = YES;
				CLANG_WARN_BLOCK_CAPTURE_AUTORELEASING = YES;
				CLANG_WARN_BOOL_CONVERSION = YES;
				CLANG_WARN_COMMA = YES;
				CLANG_WARN_CONSTANT_CONVERSION = YES;
				CLANG_WARN_DEPRECATED_OBJC_IMPLEMENTATIONS = YES;
				CLANG_WARN_DIRECT_OBJC_ISA_USAGE = YES_ERROR;
				CLANG_WARN_DOCUMENTATION_COMMENTS = YES;
				CLANG_WARN_EMPTY_BODY = YES;
				CLANG_WARN_ENUM_CONVERSION = YES;
				CLANG_WARN_INFINITE_RECURSION = YES;
				CLANG_WARN_INT_CONVERSION = YES;
				CLANG_WARN_NON_LITERAL_NULL_CONVERSION = YES;
				CLANG_WARN_OBJC_IMPLICIT_RETAIN_SELF = YES;
				CLANG_WARN_OBJC_LITERAL_CONVERSION = YES;
				CLANG_WARN_OBJC_ROOT_CLASS = YES_ERROR;
				CLANG_WARN_QUOTED_INCLUDE_IN_FRAMEWORK_HEADER = YES;
				CLANG_WARN_RANGE_LOOP_ANALYSIS = YES;
				CLANG_WARN_STRICT_PROTOTYPES = YES;
				CLANG_WARN_SUSPICIOUS_MOVE = YES;
				CLANG_WARN_UNGUARDED_AVAILABILITY = YES_AGGRESSIVE;
				CLANG_WARN_UNREACHABLE_CODE = YES;
				CLANG_WARN__DUPLICATE_METHOD_MATCH = YES;
				COPY_PHASE_STRIP = NO;
				DEBUG_INFORMATION_FORMAT = "dwarf-with-dsym";
				ENABLE_NS_ASSERTIONS = NO;
				ENABLE_STRICT_OBJC_MSGSEND = YES;
				GCC_C_LANGUAGE_STANDARD = gnu11;
				GCC_NO_COMMON_BLOCKS = YES;
				GCC_WARN_64_TO_32_BIT_CONVERSION = YES;
				GCC_WARN_ABOUT_RETURN_TYPE = YES_ERROR;
				GCC_WARN_UNDECLARED_SELECTOR = YES;
				GCC_WARN_UNINITIALIZED_AUTOS = YES_AGGRESSIVE;
				GCC_WARN_UNUSED_FUNCTION = YES;
				GCC_WARN_UNUSED_VARIABLE = YES;
				IPHONEOS_DEPLOYMENT_TARGET = 15.0;
				MTL_ENABLE_DEBUG_INFO = NO;
				MTL_FAST_MATH = YES;
				SDKROOT = iphoneos;
				SWIFT_COMPILATION_MODE = wholemodule;
				SWIFT_OPTIMIZATION_LEVEL = "-O";
				VALIDATE_PRODUCT = YES;
			};
			name = Release;
		};
		B5C75FB627EB46CE00955277 /* Debug */ = {
			isa = XCBuildConfiguration;
			buildSettings = {
				ASSETCATALOG_COMPILER_APPICON_NAME = AppIcon;
				ASSETCATALOG_COMPILER_GLOBAL_ACCENT_COLOR_NAME = AccentColor;
				CODE_SIGN_STYLE = Automatic;
				CURRENT_PROJECT_VERSION = 1;
				DEVELOPMENT_TEAM = 35Y3R58LXU;
				GENERATE_INFOPLIST_FILE = YES;
				INFOPLIST_FILE = "za-feed-excercise/Info.plist";
				INFOPLIST_KEY_UIApplicationSupportsIndirectInputEvents = YES;
				INFOPLIST_KEY_UILaunchStoryboardName = LaunchScreen;
				INFOPLIST_KEY_UIMainStoryboardFile = Main;
				INFOPLIST_KEY_UISupportedInterfaceOrientations_iPad = "UIInterfaceOrientationPortrait UIInterfaceOrientationPortraitUpsideDown UIInterfaceOrientationLandscapeLeft UIInterfaceOrientationLandscapeRight";
				INFOPLIST_KEY_UISupportedInterfaceOrientations_iPhone = "UIInterfaceOrientationPortrait UIInterfaceOrientationLandscapeLeft UIInterfaceOrientationLandscapeRight";
				LD_RUNPATH_SEARCH_PATHS = (
					"$(inherited)",
					"@executable_path/Frameworks",
				);
				MARKETING_VERSION = 1.0;
				PRODUCT_BUNDLE_IDENTIFIER = "com.huunhanta.za-feed-excercise";
				PRODUCT_NAME = "$(TARGET_NAME)";
				SWIFT_EMIT_LOC_STRINGS = YES;
				SWIFT_VERSION = 5.0;
				TARGETED_DEVICE_FAMILY = "1,2";
			};
			name = Debug;
		};
		B5C75FB727EB46CE00955277 /* Release */ = {
			isa = XCBuildConfiguration;
			buildSettings = {
				ASSETCATALOG_COMPILER_APPICON_NAME = AppIcon;
				ASSETCATALOG_COMPILER_GLOBAL_ACCENT_COLOR_NAME = AccentColor;
				CODE_SIGN_STYLE = Automatic;
				CURRENT_PROJECT_VERSION = 1;
				DEVELOPMENT_TEAM = 35Y3R58LXU;
				GENERATE_INFOPLIST_FILE = YES;
				INFOPLIST_FILE = "za-feed-excercise/Info.plist";
				INFOPLIST_KEY_UIApplicationSupportsIndirectInputEvents = YES;
				INFOPLIST_KEY_UILaunchStoryboardName = LaunchScreen;
				INFOPLIST_KEY_UIMainStoryboardFile = Main;
				INFOPLIST_KEY_UISupportedInterfaceOrientations_iPad = "UIInterfaceOrientationPortrait UIInterfaceOrientationPortraitUpsideDown UIInterfaceOrientationLandscapeLeft UIInterfaceOrientationLandscapeRight";
				INFOPLIST_KEY_UISupportedInterfaceOrientations_iPhone = "UIInterfaceOrientationPortrait UIInterfaceOrientationLandscapeLeft UIInterfaceOrientationLandscapeRight";
				LD_RUNPATH_SEARCH_PATHS = (
					"$(inherited)",
					"@executable_path/Frameworks",
				);
				MARKETING_VERSION = 1.0;
				PRODUCT_BUNDLE_IDENTIFIER = "com.huunhanta.za-feed-excercise";
				PRODUCT_NAME = "$(TARGET_NAME)";
				SWIFT_EMIT_LOC_STRINGS = YES;
				SWIFT_VERSION = 5.0;
				TARGETED_DEVICE_FAMILY = "1,2";
			};
			name = Release;
		};
/* End XCBuildConfiguration section */

/* Begin XCConfigurationList section */
		B5C75F9927EB46CD00955277 /* Build configuration list for PBXProject "za-feed-excercise" */ = {
			isa = XCConfigurationList;
			buildConfigurations = (
				B5C75FB327EB46CE00955277 /* Debug */,
				B5C75FB427EB46CE00955277 /* Release */,
			);
			defaultConfigurationIsVisible = 0;
			defaultConfigurationName = Release;
		};
		B5C75FB527EB46CE00955277 /* Build configuration list for PBXNativeTarget "za-feed-excercise" */ = {
			isa = XCConfigurationList;
			buildConfigurations = (
				B5C75FB627EB46CE00955277 /* Debug */,
				B5C75FB727EB46CE00955277 /* Release */,
			);
			defaultConfigurationIsVisible = 0;
			defaultConfigurationName = Release;
		};
/* End XCConfigurationList section */

/* Begin XCVersionGroup section */
		B5C75FAA27EB46CD00955277 /* za_feed_excercise.xcdatamodeld */ = {
			isa = XCVersionGroup;
			children = (
				B5C75FAB27EB46CD00955277 /* za_feed_excercise.xcdatamodel */,
			);
			currentVersion = B5C75FAB27EB46CD00955277 /* za_feed_excercise.xcdatamodel */;
			path = za_feed_excercise.xcdatamodeld;
			sourceTree = "<group>";
			versionGroupType = wrapper.xcdatamodel;
		};
/* End XCVersionGroup section */
	};
	rootObject = B5C75F9627EB46CD00955277 /* Project object */;
}
